
Microsoft Visual Studio Solution File, Format Version 12.00
# Visual Studio Version 17
VisualStudioVersion = 17.4.33110.190
MinimumVisualStudioVersion = 10.0.40219.1
Project("{9A19103F-16F7-4668-BE54-9A1E7A4F7556}") = "LecturaArduino", "LecturaArduino.csproj", "{0183E63F-1147-46AA-BD1C-89350A95F438}"
EndProject
Global
	GlobalSection(SolutionConfigurationPlatforms) = preSolution
		Debug|Any CPU = Debug|Any CPU
		Release|Any CPU = Release|Any CPU
	EndGlobalSection
	GlobalSection(ProjectConfigurationPlatforms) = postSolution
		{0183E63F-1147-46AA-BD1C-89350A95F438}.Debug|Any CPU.ActiveCfg = Debug|Any CPU
		{0183E63F-1147-46AA-BD1C-89350A95F438}.Debug|Any CPU.Build.0 = Debug|Any CPU
		{0183E63F-1147-46AA-BD1C-89350A95F438}.Release|Any CPU.ActiveCfg = Release|Any CPU
		{0183E63F-1147-46AA-BD1C-89350A95F438}.Release|Any CPU.Build.0 = Release|Any CPU
	EndGlobalSection
	GlobalSection(SolutionProperties) = preSolution
		HideSolutionNode = FALSE
	EndGlobalSection
	GlobalSection(ExtensibilityGlobals) = postSolution
		SolutionGuid = {ACBAB3B3-F5A4-4F8C-AE3C-4394F02BAB46}
	EndGlobalSection
EndGlobal
